
Microsoft Visual Studio Solution File, Format Version 12.00
# Visual Studio Version 16
VisualStudioVersion = 16.0.28922.388
MinimumVisualStudioVersion = 10.0.40219.1
Project("{9A19103F-16F7-4668-BE54-9A1E7A4F7556}") = "Nate.ContactApp.Contact", "Contact\Nate.ContactApp.Contact.csproj", "{F4AAD02E-F424-4676-87B0-3C07CCEFBE91}"
EndProject
Project("{9A19103F-16F7-4668-BE54-9A1E7A4F7556}") = "Nate.ContactApp.Contact.Tests", "ContactTests\Nate.ContactApp.Contact.Tests.csproj", "{DE678336-496A-4CF5-AA39-B27379ABE22C}"
EndProject
Project("{FAE04EC0-301F-11D3-BF4B-00C04F79EFBC}") = "API", "API\API.csproj", "{6383ADB4-91D7-432C-BEDF-B2D6AF9AE265}"
EndProject
Global
	GlobalSection(SolutionConfigurationPlatforms) = preSolution
		Debug|Any CPU = Debug|Any CPU
		Release|Any CPU = Release|Any CPU
	EndGlobalSection
	GlobalSection(ProjectConfigurationPlatforms) = postSolution
		{F4AAD02E-F424-4676-87B0-3C07CCEFBE91}.Debug|Any CPU.ActiveCfg = Debug|Any CPU
		{F4AAD02E-F424-4676-87B0-3C07CCEFBE91}.Debug|Any CPU.Build.0 = Debug|Any CPU
		{F4AAD02E-F424-4676-87B0-3C07CCEFBE91}.Release|Any CPU.ActiveCfg = Release|Any CPU
		{F4AAD02E-F424-4676-87B0-3C07CCEFBE91}.Release|Any CPU.Build.0 = Release|Any CPU
		{DE678336-496A-4CF5-AA39-B27379ABE22C}.Debug|Any CPU.ActiveCfg = Debug|Any CPU
		{DE678336-496A-4CF5-AA39-B27379ABE22C}.Debug|Any CPU.Build.0 = Debug|Any CPU
		{DE678336-496A-4CF5-AA39-B27379ABE22C}.Release|Any CPU.ActiveCfg = Release|Any CPU
		{DE678336-496A-4CF5-AA39-B27379ABE22C}.Release|Any CPU.Build.0 = Release|Any CPU
		{6383ADB4-91D7-432C-BEDF-B2D6AF9AE265}.Debug|Any CPU.ActiveCfg = Debug|Any CPU
		{6383ADB4-91D7-432C-BEDF-B2D6AF9AE265}.Debug|Any CPU.Build.0 = Debug|Any CPU
		{6383ADB4-91D7-432C-BEDF-B2D6AF9AE265}.Release|Any CPU.ActiveCfg = Release|Any CPU
		{6383ADB4-91D7-432C-BEDF-B2D6AF9AE265}.Release|Any CPU.Build.0 = Release|Any CPU
	EndGlobalSection
	GlobalSection(SolutionProperties) = preSolution
		HideSolutionNode = FALSE
	EndGlobalSection
	GlobalSection(ExtensibilityGlobals) = postSolution
		SolutionGuid = {1376E805-0BF7-43C9-ABCC-E722046FBAD5}
	EndGlobalSection
EndGlobal
